{
  "name": "addr-geoip",
  "version": "1.0.0",
  "lockfileVersion": 1,
  "requires": true,
  "dependencies": {
    "big-integer": {
      "version": "1.6.25",
      "resolved": "https://registry.npmjs.org/big-integer/-/big-integer-1.6.25.tgz",
      "integrity": "sha1-HeRan1dUKsIBIcaC+NZCIgo06CM="
    },
    "lru-cache": {
      "version": "4.1.1",
      "resolved": "https://registry.npmjs.org/lru-cache/-/lru-cache-4.1.1.tgz",
      "integrity": "sha512-q4spe4KTfsAS1SUHLO0wz8Qiyf1+vMIAgpRYioFYDMNqKfHQbg+AVDH3i4fvpl71/P1L0dBl+fQi+P37UYf0ew==",
      "requires": {
        "pseudomap": "1.0.2",
        "yallist": "2.1.2"
      }
    },
    "maxmind": {
      "version": "2.3.0",
      "resolved": "https://registry.npmjs.org/maxmind/-/maxmind-2.3.0.tgz",
      "integrity": "sha1-7YzaMipDvmAHL0hiwnkah9eFlL0=",
      "requires": {
        "big-integer": "1.6.25",
        "lru-cache": "4.1.1"
      }
    },
    "pseudomap": {
      "version": "1.0.2",
      "resolved": "https://registry.npmjs.org/pseudomap/-/pseudomap-1.0.2.tgz",
      "integrity": "sha1-8FKijacOYYkX7wqKw0wa5aaChrM="
    },
    "yallist": {
      "version": "2.1.2",
      "resolved": "https://registry.npmjs.org/yallist/-/yallist-2.1.2.tgz",
      "integrity": "sha1-HBH5IY8HYImkfdUS+TxmmaaoHVI="
    }
  }
}
